
Microsoft Visual Studio Solution File, Format Version 12.00
# Visual Studio Version 17
VisualStudioVersion = 17.0.31903.59
MinimumVisualStudioVersion = 10.0.40219.1
Project("{2150E333-8FDC-42A3-9474-1A3956D46DE8}") = "src", "src", "{A4C12CD9-51DD-4BBD-9743-70442E212B7D}"
EndProject
Project("{9A19103F-16F7-4668-BE54-9A1E7A4F7556}") = "Template.Api", "src\Template.Api\Template.Api.csproj", "{6EE9D94F-959F-49E5-B966-BAE56AB0D2D7}"
EndProject
Project("{9A19103F-16F7-4668-BE54-9A1E7A4F7556}") = "Template.Application", "src\Template.Application\Template.Application.csproj", "{D6ABFD67-565D-45DC-B141-42C3DD2968D2}"
EndProject
Project("{9A19103F-16F7-4668-BE54-9A1E7A4F7556}") = "Template.Domain", "src\Template.Domain\Template.Domain.csproj", "{ED715505-6636-4F88-B4DA-BBCA9878973F}"
EndProject
Project("{9A19103F-16F7-4668-BE54-9A1E7A4F7556}") = "Template.Infrastructure", "src\Template.Infrastructure\Template.Infrastructure.csproj", "{6F833173-2912-4FFB-96C5-991ABD443CC6}"
EndProject
Project("{9A19103F-16F7-4668-BE54-9A1E7A4F7556}") = "Template.Persistence", "src\Template.Persistence\Template.Persistence.csproj", "{35084C1D-AEEF-46AC-A83E-398A97A05D49}"
EndProject
Project("{2150E333-8FDC-42A3-9474-1A3956D46DE8}") = "tests", "tests", "{B55C83B5-4A89-4845-A8CC-77BA7A37BA5E}"
EndProject
Project("{9A19103F-16F7-4668-BE54-9A1E7A4F7556}") = "Template.Tests", "tests\Template.Tests\Template.Tests.csproj", "{B7DC4218-12D7-4214-8CE3-A9A82366D28F}"
EndProject
Project("{E53339B2-1760-4266-BCC7-CA923CBCF16C}") = "docker-compose", "docker-compose.dcproj", "{FD657099-C85C-49B2-AD2B-5414C4D8C14F}"
EndProject
Project("{2150E333-8FDC-42A3-9474-1A3956D46DE8}") = "logstash", "logstash", "{17639081-006F-44ED-85CB-A306ADC8DADE}"
	ProjectSection(SolutionItems) = preProject
		logstash\logstash.conf = logstash\logstash.conf
	EndProjectSection
EndProject
Project("{9A19103F-16F7-4668-BE54-9A1E7A4F7556}") = "Template.Shared", "src\Template.Shared\Template.Shared.csproj", "{2052CCDE-C9E0-4E5B-9A74-3BE330D345B9}"
EndProject
Global
	GlobalSection(SolutionConfigurationPlatforms) = preSolution
		Debug|Any CPU = Debug|Any CPU
		Release|Any CPU = Release|Any CPU
	EndGlobalSection
	GlobalSection(ProjectConfigurationPlatforms) = postSolution
		{6EE9D94F-959F-49E5-B966-BAE56AB0D2D7}.Debug|Any CPU.ActiveCfg = Debug|Any CPU
		{6EE9D94F-959F-49E5-B966-BAE56AB0D2D7}.Debug|Any CPU.Build.0 = Debug|Any CPU
		{6EE9D94F-959F-49E5-B966-BAE56AB0D2D7}.Release|Any CPU.ActiveCfg = Release|Any CPU
		{6EE9D94F-959F-49E5-B966-BAE56AB0D2D7}.Release|Any CPU.Build.0 = Release|Any CPU
		{D6ABFD67-565D-45DC-B141-42C3DD2968D2}.Debug|Any CPU.ActiveCfg = Debug|Any CPU
		{D6ABFD67-565D-45DC-B141-42C3DD2968D2}.Debug|Any CPU.Build.0 = Debug|Any CPU
		{D6ABFD67-565D-45DC-B141-42C3DD2968D2}.Release|Any CPU.ActiveCfg = Release|Any CPU
		{D6ABFD67-565D-45DC-B141-42C3DD2968D2}.Release|Any CPU.Build.0 = Release|Any CPU
		{ED715505-6636-4F88-B4DA-BBCA9878973F}.Debug|Any CPU.ActiveCfg = Debug|Any CPU
		{ED715505-6636-4F88-B4DA-BBCA9878973F}.Debug|Any CPU.Build.0 = Debug|Any CPU
		{ED715505-6636-4F88-B4DA-BBCA9878973F}.Release|Any CPU.ActiveCfg = Release|Any CPU
		{ED715505-6636-4F88-B4DA-BBCA9878973F}.Release|Any CPU.Build.0 = Release|Any CPU
		{6F833173-2912-4FFB-96C5-991ABD443CC6}.Debug|Any CPU.ActiveCfg = Debug|Any CPU
		{6F833173-2912-4FFB-96C5-991ABD443CC6}.Debug|Any CPU.Build.0 = Debug|Any CPU
		{6F833173-2912-4FFB-96C5-991ABD443CC6}.Release|Any CPU.ActiveCfg = Release|Any CPU
		{6F833173-2912-4FFB-96C5-991ABD443CC6}.Release|Any CPU.Build.0 = Release|Any CPU
		{35084C1D-AEEF-46AC-A83E-398A97A05D49}.Debug|Any CPU.ActiveCfg = Debug|Any CPU
		{35084C1D-AEEF-46AC-A83E-398A97A05D49}.Debug|Any CPU.Build.0 = Debug|Any CPU
		{35084C1D-AEEF-46AC-A83E-398A97A05D49}.Release|Any CPU.ActiveCfg = Release|Any CPU
		{35084C1D-AEEF-46AC-A83E-398A97A05D49}.Release|Any CPU.Build.0 = Release|Any CPU
		{B7DC4218-12D7-4214-8CE3-A9A82366D28F}.Debug|Any CPU.ActiveCfg = Debug|Any CPU
		{B7DC4218-12D7-4214-8CE3-A9A82366D28F}.Debug|Any CPU.Build.0 = Debug|Any CPU
		{B7DC4218-12D7-4214-8CE3-A9A82366D28F}.Release|Any CPU.ActiveCfg = Release|Any CPU
		{B7DC4218-12D7-4214-8CE3-A9A82366D28F}.Release|Any CPU.Build.0 = Release|Any CPU
		{FD657099-C85C-49B2-AD2B-5414C4D8C14F}.Debug|Any CPU.ActiveCfg = Debug|Any CPU
		{FD657099-C85C-49B2-AD2B-5414C4D8C14F}.Debug|Any CPU.Build.0 = Debug|Any CPU
		{FD657099-C85C-49B2-AD2B-5414C4D8C14F}.Release|Any CPU.ActiveCfg = Release|Any CPU
		{FD657099-C85C-49B2-AD2B-5414C4D8C14F}.Release|Any CPU.Build.0 = Release|Any CPU
		{2052CCDE-C9E0-4E5B-9A74-3BE330D345B9}.Debug|Any CPU.ActiveCfg = Debug|Any CPU
		{2052CCDE-C9E0-4E5B-9A74-3BE330D345B9}.Debug|Any CPU.Build.0 = Debug|Any CPU
		{2052CCDE-C9E0-4E5B-9A74-3BE330D345B9}.Release|Any CPU.ActiveCfg = Release|Any CPU
		{2052CCDE-C9E0-4E5B-9A74-3BE330D345B9}.Release|Any CPU.Build.0 = Release|Any CPU
	EndGlobalSection
	GlobalSection(SolutionProperties) = preSolution
		HideSolutionNode = FALSE
	EndGlobalSection
	GlobalSection(NestedProjects) = preSolution
		{6EE9D94F-959F-49E5-B966-BAE56AB0D2D7} = {A4C12CD9-51DD-4BBD-9743-70442E212B7D}
		{D6ABFD67-565D-45DC-B141-42C3DD2968D2} = {A4C12CD9-51DD-4BBD-9743-70442E212B7D}
		{ED715505-6636-4F88-B4DA-BBCA9878973F} = {A4C12CD9-51DD-4BBD-9743-70442E212B7D}
		{6F833173-2912-4FFB-96C5-991ABD443CC6} = {A4C12CD9-51DD-4BBD-9743-70442E212B7D}
		{35084C1D-AEEF-46AC-A83E-398A97A05D49} = {A4C12CD9-51DD-4BBD-9743-70442E212B7D}
		{B7DC4218-12D7-4214-8CE3-A9A82366D28F} = {B55C83B5-4A89-4845-A8CC-77BA7A37BA5E}
		{2052CCDE-C9E0-4E5B-9A74-3BE330D345B9} = {A4C12CD9-51DD-4BBD-9743-70442E212B7D}
	EndGlobalSection
	GlobalSection(ExtensibilityGlobals) = postSolution
		SolutionGuid = {B75AC410-5251-4B4F-A0C5-088E773A0A3D}
	EndGlobalSection
EndGlobal
